hash: 0501c190ca451d88cbde7e6b0d4c9e550e532e8ba23d7b7d0ce40f4b93ca8e71
updated: 2016-03-14T19:41:42.377021224-07:00
imports:
- name: github.com/go-sql-driver/mysql
  version: 66312f7fe2678aa0f5ec770f96702f4c4ec5aa8e
- name: github.com/gorilla/context
  version: 1ea25387ff6f684839d82767c1733ff4d4d15d0a
- name: github.com/gorilla/mux
  version: acf3be1b335c8ce30b2c8d51300984666f0ceefa
devImports: []
